{
  "requires": true,
  "lockfileVersion": 1,
  "dependencies": {
    "@types/node": {
      "version": "14.14.11",
      "resolved": "https://registry.npmjs.org/@types/node/-/node-14.14.11.tgz",
      "integrity": "sha512-BJ97wAUuU3NUiUCp44xzUFquQEvnk1wu7q4CMEUYKJWjdkr0YWYDsm4RFtAvxYsNjLsKcrFt6RvK8r+mnzMbEQ=="
    },
    "canvas-renderer": {
      "version": "2.2.0",
      "resolved": "https://registry.npmjs.org/canvas-renderer/-/canvas-renderer-2.2.0.tgz",
      "integrity": "sha512-Itdq9pwXcs4IbbkRCXc7reeGBk6i6tlDtZTjE1yc+KvYkx1Mt3WLf6tidZ/Ixbm7Vmi+jpWKG0dRBor67x9yGw==",
      "requires": {
        "@types/node": "*"
      }
    },
    "partykals": {
      "version": "1.0.2",
      "resolved": "https://registry.npmjs.org/partykals/-/partykals-1.0.2.tgz",
      "integrity": "sha512-TLkZX4GQvuf3zBqH62mF22SORuoaCe0gzdee7W7EkAsSnRND+EEf6Vx8wOxKJSARdYLsfm7Ux5L+ucc2HxWkjg=="
    },
    "three-copyshader": {
      "version": "0.0.1",
      "resolved": "https://registry.npmjs.org/three-copyshader/-/three-copyshader-0.0.1.tgz",
      "integrity": "sha1-3fpsP1285ZYYfPv0zhtGx/vUVsA="
    }
  }
}
